
Microsoft Visual Studio Solution File, Format Version 12.00
# Visual Studio Version 17
VisualStudioVersion = 17.14.36327.8 d17.14
MinimumVisualStudioVersion = 10.0.40219.1
Project("{FAE04EC0-301F-11D3-BF4B-00C04F79EFBC}") = "calculator", "calculator.csproj", "{5B1251EB-A7A4-4409-B8DF-762A5A067401}"
EndProject
Global
	GlobalSection(SolutionConfigurationPlatforms) = preSolution
		Debug|Any CPU = Debug|Any CPU
		Release|Any CPU = Release|Any CPU
	EndGlobalSection
	GlobalSection(ProjectConfigurationPlatforms) = postSolution
		{5B1251EB-A7A4-4409-B8DF-762A5A067401}.Debug|Any CPU.ActiveCfg = Debug|Any CPU
		{5B1251EB-A7A4-4409-B8DF-762A5A067401}.Debug|Any CPU.Build.0 = Debug|Any CPU
		{5B1251EB-A7A4-4409-B8DF-762A5A067401}.Release|Any CPU.ActiveCfg = Release|Any CPU
		{5B1251EB-A7A4-4409-B8DF-762A5A067401}.Release|Any CPU.Build.0 = Release|Any CPU
	EndGlobalSection
	GlobalSection(SolutionProperties) = preSolution
		HideSolutionNode = FALSE
	EndGlobalSection
	GlobalSection(ExtensibilityGlobals) = postSolution
		SolutionGuid = {4E80A91B-30DD-48DA-BEAC-472F869FC10D}
	EndGlobalSection
EndGlobal
